
Microsoft Visual Studio Solution File, Format Version 12.00
# Visual Studio 2013
VisualStudioVersion = 12.0.40629.0
MinimumVisualStudioVersion = 10.0.40219.1
Project("{FAE04EC0-301F-11D3-BF4B-00C04F79EFBC}") = "TestWebApi", "TestWebApi\TestWebApi.csproj", "{D183DDF1-299E-469E-831D-3694F372E407}"
EndProject
Project("{FAE04EC0-301F-11D3-BF4B-00C04F79EFBC}") = "TestWebApi.Tests", "TestWebApi.Tests\TestWebApi.Tests.csproj", "{25E37B37-60D1-41C2-A0A0-2A18BFF0DB50}"
EndProject
Global
	GlobalSection(SolutionConfigurationPlatforms) = preSolution
		Debug|Any CPU = Debug|Any CPU
		Release|Any CPU = Release|Any CPU
	EndGlobalSection
	GlobalSection(ProjectConfigurationPlatforms) = postSolution
		{D183DDF1-299E-469E-831D-3694F372E407}.Debug|Any CPU.ActiveCfg = Debug|Any CPU
		{D183DDF1-299E-469E-831D-3694F372E407}.Debug|Any CPU.Build.0 = Debug|Any CPU
		{D183DDF1-299E-469E-831D-3694F372E407}.Release|Any CPU.ActiveCfg = Release|Any CPU
		{D183DDF1-299E-469E-831D-3694F372E407}.Release|Any CPU.Build.0 = Release|Any CPU
		{25E37B37-60D1-41C2-A0A0-2A18BFF0DB50}.Debug|Any CPU.ActiveCfg = Debug|Any CPU
		{25E37B37-60D1-41C2-A0A0-2A18BFF0DB50}.Debug|Any CPU.Build.0 = Debug|Any CPU
		{25E37B37-60D1-41C2-A0A0-2A18BFF0DB50}.Release|Any CPU.ActiveCfg = Release|Any CPU
		{25E37B37-60D1-41C2-A0A0-2A18BFF0DB50}.Release|Any CPU.Build.0 = Release|Any CPU
	EndGlobalSection
	GlobalSection(SolutionProperties) = preSolution
		HideSolutionNode = FALSE
	EndGlobalSection
EndGlobal
